
Microsoft Visual Studio Solution File, Format Version 12.00
# Visual Studio Version 17
VisualStudioVersion = 17.8.34511.84
MinimumVisualStudioVersion = 10.0.40219.1
Project("{FAE04EC0-301F-11D3-BF4B-00C04F79EFBC}") = "ReverseQueue", "ReverseQueue\ReverseQueue.csproj", "{4B836CB1-EC33-4838-A22D-F7541AF100FA}"
EndProject
Global
	GlobalSection(SolutionConfigurationPlatforms) = preSolution
		Debug|Any CPU = Debug|Any CPU
		Release|Any CPU = Release|Any CPU
	EndGlobalSection
	GlobalSection(ProjectConfigurationPlatforms) = postSolution
		{4B836CB1-EC33-4838-A22D-F7541AF100FA}.Debug|Any CPU.ActiveCfg = Debug|Any CPU
		{4B836CB1-EC33-4838-A22D-F7541AF100FA}.Debug|Any CPU.Build.0 = Debug|Any CPU
		{4B836CB1-EC33-4838-A22D-F7541AF100FA}.Release|Any CPU.ActiveCfg = Release|Any CPU
		{4B836CB1-EC33-4838-A22D-F7541AF100FA}.Release|Any CPU.Build.0 = Release|Any CPU
	EndGlobalSection
	GlobalSection(SolutionProperties) = preSolution
		HideSolutionNode = FALSE
	EndGlobalSection
	GlobalSection(ExtensibilityGlobals) = postSolution
		SolutionGuid = {F523DEAF-90A3-44C0-8313-0226F26B75DF}
	EndGlobalSection
EndGlobal
